
Microsoft Visual Studio Solution File, Format Version 12.00
# Visual Studio Version 17
VisualStudioVersion = 17.0.32112.339
MinimumVisualStudioVersion = 10.0.40219.1
Project("{2150E333-8FDC-42A3-9474-1A3956D46DE8}") = "DOCS", "DOCS", "{2A5B9EF6-A2DA-4049-89BB-01C58C13105E}"
	ProjectSection(SolutionItems) = preProject
		README.txt = README.txt
	EndProjectSection
EndProject
Project("{FAE04EC0-301F-11D3-BF4B-00C04F79EFBC}") = "LongPathTest.NetCore31", "LongPathTest.NetCore3.1\LongPathTest.NetCore31.csproj", "{B5E520B9-B5C9-4CF5-AC79-9C4421928F82}"
EndProject
Project("{FAE04EC0-301F-11D3-BF4B-00C04F79EFBC}") = "LongPathTest.Net48.NoManifest", "LongPathTest.Net48.NoManifest\LongPathTest.Net48.NoManifest.csproj", "{98BFD16B-4290-43DE-A1EA-E58CFF52984B}"
EndProject
Project("{FAE04EC0-301F-11D3-BF4B-00C04F79EFBC}") = "LongPathTest.Net48.WithManifest", "LongPathTest.Net48.WIthManifest\LongPathTest.Net48.WithManifest.csproj", "{DB650D94-509B-4A25-886F-159E55F90DEB}"
EndProject
Project("{FAE04EC0-301F-11D3-BF4B-00C04F79EFBC}") = "LongPathTest.Runner", "LongPathTest.Runner\LongPathTest.Runner.csproj", "{1895F195-DAC5-493A-962B-2DAD79396FF1}"
	ProjectSection(ProjectDependencies) = postProject
		{98BFD16B-4290-43DE-A1EA-E58CFF52984B} = {98BFD16B-4290-43DE-A1EA-E58CFF52984B}
		{DB650D94-509B-4A25-886F-159E55F90DEB} = {DB650D94-509B-4A25-886F-159E55F90DEB}
		{B5E520B9-B5C9-4CF5-AC79-9C4421928F82} = {B5E520B9-B5C9-4CF5-AC79-9C4421928F82}
	EndProjectSection
EndProject
Project("{2150E333-8FDC-42A3-9474-1A3956D46DE8}") = "Shared", "Shared", "{04ED61F5-9B4B-4D56-BF55-C157DD2DAA7A}"
	ProjectSection(SolutionItems) = preProject
		Shared\Test.cs = Shared\Test.cs
		Shared\Util.cs = Shared\Util.cs
		Shared\Win32Registry.cs = Shared\Win32Registry.cs
	EndProjectSection
EndProject
Global
	GlobalSection(SolutionConfigurationPlatforms) = preSolution
		Debug|Any CPU = Debug|Any CPU
		Release|Any CPU = Release|Any CPU
	EndGlobalSection
	GlobalSection(ProjectConfigurationPlatforms) = postSolution
		{B5E520B9-B5C9-4CF5-AC79-9C4421928F82}.Debug|Any CPU.ActiveCfg = Debug|Any CPU
		{B5E520B9-B5C9-4CF5-AC79-9C4421928F82}.Debug|Any CPU.Build.0 = Debug|Any CPU
		{B5E520B9-B5C9-4CF5-AC79-9C4421928F82}.Release|Any CPU.ActiveCfg = Release|Any CPU
		{B5E520B9-B5C9-4CF5-AC79-9C4421928F82}.Release|Any CPU.Build.0 = Release|Any CPU
		{98BFD16B-4290-43DE-A1EA-E58CFF52984B}.Debug|Any CPU.ActiveCfg = Debug|Any CPU
		{98BFD16B-4290-43DE-A1EA-E58CFF52984B}.Debug|Any CPU.Build.0 = Debug|Any CPU
		{98BFD16B-4290-43DE-A1EA-E58CFF52984B}.Release|Any CPU.ActiveCfg = Release|Any CPU
		{98BFD16B-4290-43DE-A1EA-E58CFF52984B}.Release|Any CPU.Build.0 = Release|Any CPU
		{DB650D94-509B-4A25-886F-159E55F90DEB}.Debug|Any CPU.ActiveCfg = Debug|Any CPU
		{DB650D94-509B-4A25-886F-159E55F90DEB}.Debug|Any CPU.Build.0 = Debug|Any CPU
		{DB650D94-509B-4A25-886F-159E55F90DEB}.Release|Any CPU.ActiveCfg = Release|Any CPU
		{DB650D94-509B-4A25-886F-159E55F90DEB}.Release|Any CPU.Build.0 = Release|Any CPU
		{1895F195-DAC5-493A-962B-2DAD79396FF1}.Debug|Any CPU.ActiveCfg = Debug|Any CPU
		{1895F195-DAC5-493A-962B-2DAD79396FF1}.Debug|Any CPU.Build.0 = Debug|Any CPU
		{1895F195-DAC5-493A-962B-2DAD79396FF1}.Release|Any CPU.ActiveCfg = Release|Any CPU
		{1895F195-DAC5-493A-962B-2DAD79396FF1}.Release|Any CPU.Build.0 = Release|Any CPU
	EndGlobalSection
	GlobalSection(SolutionProperties) = preSolution
		HideSolutionNode = FALSE
	EndGlobalSection
	GlobalSection(ExtensibilityGlobals) = postSolution
		SolutionGuid = {0F4DD89B-83C1-4513-8B65-CB118AD3F96F}
	EndGlobalSection
EndGlobal
