
Microsoft Visual Studio Solution File, Format Version 12.00
# Visual Studio Version 17
VisualStudioVersion = 17.0.32112.339
MinimumVisualStudioVersion = 10.0.40219.1
Project("{FAE04EC0-301F-11D3-BF4B-00C04F79EFBC}") = "LongPathTest", "LongPathTest\LongPathTest.csproj", "{5F072914-E86D-4F65-A812-B01FD336D2E2}"
	ProjectSection(ProjectDependencies) = postProject
		{1B082E44-4055-495F-A040-2D4B22F55D72} = {1B082E44-4055-495F-A040-2D4B22F55D72}
	EndProjectSection
EndProject
Project("{FAE04EC0-301F-11D3-BF4B-00C04F79EFBC}") = "LongPathTest.NoManifest", "LongPathTest.NoManifest\LongPathTest.NoManifest.csproj", "{1B082E44-4055-495F-A040-2D4B22F55D72}"
EndProject
Project("{2150E333-8FDC-42A3-9474-1A3956D46DE8}") = "DOCS", "DOCS", "{2A5B9EF6-A2DA-4049-89BB-01C58C13105E}"
	ProjectSection(SolutionItems) = preProject
		README.txt = README.txt
	EndProjectSection
EndProject
Global
	GlobalSection(SolutionConfigurationPlatforms) = preSolution
		Debug|Any CPU = Debug|Any CPU
		Release|Any CPU = Release|Any CPU
	EndGlobalSection
	GlobalSection(ProjectConfigurationPlatforms) = postSolution
		{5F072914-E86D-4F65-A812-B01FD336D2E2}.Debug|Any CPU.ActiveCfg = Debug|Any CPU
		{5F072914-E86D-4F65-A812-B01FD336D2E2}.Debug|Any CPU.Build.0 = Debug|Any CPU
		{5F072914-E86D-4F65-A812-B01FD336D2E2}.Release|Any CPU.ActiveCfg = Release|Any CPU
		{5F072914-E86D-4F65-A812-B01FD336D2E2}.Release|Any CPU.Build.0 = Release|Any CPU
		{1B082E44-4055-495F-A040-2D4B22F55D72}.Debug|Any CPU.ActiveCfg = Debug|Any CPU
		{1B082E44-4055-495F-A040-2D4B22F55D72}.Debug|Any CPU.Build.0 = Debug|Any CPU
		{1B082E44-4055-495F-A040-2D4B22F55D72}.Release|Any CPU.ActiveCfg = Release|Any CPU
		{1B082E44-4055-495F-A040-2D4B22F55D72}.Release|Any CPU.Build.0 = Release|Any CPU
	EndGlobalSection
	GlobalSection(SolutionProperties) = preSolution
		HideSolutionNode = FALSE
	EndGlobalSection
	GlobalSection(ExtensibilityGlobals) = postSolution
		SolutionGuid = {0F4DD89B-83C1-4513-8B65-CB118AD3F96F}
	EndGlobalSection
EndGlobal
